
Microsoft Visual Studio Solution File, Format Version 12.00
# Visual Studio Version 17
VisualStudioVersion = 17.11.35327.3
MinimumVisualStudioVersion = 10.0.40219.1
Project("{9A19103F-16F7-4668-BE54-9A1E7A4F7556}") = "SpeedTestConsole", "SpeedTestConsole\SpeedTestConsole.csproj", "{04F32099-E5D4-456C-91B8-F422724413BC}"
EndProject
Project("{9A19103F-16F7-4668-BE54-9A1E7A4F7556}") = "SpeedTestConsole.Lib", "SpeedTestConsole.Lib\SpeedTestConsole.Lib.csproj", "{30331A29-2F59-4E1C-A239-7D82A5A865E1}"
EndProject
Project("{FAE04EC0-301F-11D3-BF4B-00C04F79EFBC}") = "SpeedTestConsole.Tests", "SpeedTestConsole.Tests\SpeedTestConsole.Tests.csproj", "{D19D41F3-C266-4A09-97C8-02363A5B1BAA}"
EndProject
Global
	GlobalSection(SolutionConfigurationPlatforms) = preSolution
		Debug|Any CPU = Debug|Any CPU
		Release|Any CPU = Release|Any CPU
	EndGlobalSection
	GlobalSection(ProjectConfigurationPlatforms) = postSolution
		{04F32099-E5D4-456C-91B8-F422724413BC}.Debug|Any CPU.ActiveCfg = Debug|Any CPU
		{04F32099-E5D4-456C-91B8-F422724413BC}.Debug|Any CPU.Build.0 = Debug|Any CPU
		{04F32099-E5D4-456C-91B8-F422724413BC}.Release|Any CPU.ActiveCfg = Release|Any CPU
		{04F32099-E5D4-456C-91B8-F422724413BC}.Release|Any CPU.Build.0 = Release|Any CPU
		{30331A29-2F59-4E1C-A239-7D82A5A865E1}.Debug|Any CPU.ActiveCfg = Debug|Any CPU
		{30331A29-2F59-4E1C-A239-7D82A5A865E1}.Debug|Any CPU.Build.0 = Debug|Any CPU
		{30331A29-2F59-4E1C-A239-7D82A5A865E1}.Release|Any CPU.ActiveCfg = Release|Any CPU
		{30331A29-2F59-4E1C-A239-7D82A5A865E1}.Release|Any CPU.Build.0 = Release|Any CPU
		{D19D41F3-C266-4A09-97C8-02363A5B1BAA}.Debug|Any CPU.ActiveCfg = Debug|Any CPU
		{D19D41F3-C266-4A09-97C8-02363A5B1BAA}.Debug|Any CPU.Build.0 = Debug|Any CPU
		{D19D41F3-C266-4A09-97C8-02363A5B1BAA}.Release|Any CPU.ActiveCfg = Release|Any CPU
		{D19D41F3-C266-4A09-97C8-02363A5B1BAA}.Release|Any CPU.Build.0 = Release|Any CPU
	EndGlobalSection
	GlobalSection(SolutionProperties) = preSolution
		HideSolutionNode = FALSE
	EndGlobalSection
	GlobalSection(ExtensibilityGlobals) = postSolution
		SolutionGuid = {0D52ABB0-3639-4C55-B2B0-1211DDD11DF8}
	EndGlobalSection
EndGlobal
